
Microsoft Visual Studio Solution File, Format Version 12.00
# Visual Studio Version 17
VisualStudioVersion = 17.1.32127.271
MinimumVisualStudioVersion = 10.0.40219.1
Project("{FAE04EC0-301F-11D3-BF4B-00C04F79EFBC}") = "Order.Domain", "Order.Domain\Order.Domain.csproj", "{C729FD06-BC5E-40BE-B21D-7AC20772D00B}"
EndProject
Project("{FAE04EC0-301F-11D3-BF4B-00C04F79EFBC}") = "Order.Infraestructure", "Order.Infraestructure\Order.Infraestructure.csproj", "{65DFB973-0947-465F-8E2B-654E1B199F82}"
EndProject
Project("{FAE04EC0-301F-11D3-BF4B-00C04F79EFBC}") = "Order.WebApi", "Order.WebApi\Order.WebApi.csproj", "{0C0AC4D0-2C2E-4653-8B52-3009CAE37CA6}"
EndProject
Global
	GlobalSection(SolutionConfigurationPlatforms) = preSolution
		Debug|Any CPU = Debug|Any CPU
		Release|Any CPU = Release|Any CPU
	EndGlobalSection
	GlobalSection(ProjectConfigurationPlatforms) = postSolution
		{C729FD06-BC5E-40BE-B21D-7AC20772D00B}.Debug|Any CPU.ActiveCfg = Debug|Any CPU
		{C729FD06-BC5E-40BE-B21D-7AC20772D00B}.Debug|Any CPU.Build.0 = Debug|Any CPU
		{C729FD06-BC5E-40BE-B21D-7AC20772D00B}.Release|Any CPU.ActiveCfg = Release|Any CPU
		{C729FD06-BC5E-40BE-B21D-7AC20772D00B}.Release|Any CPU.Build.0 = Release|Any CPU
		{65DFB973-0947-465F-8E2B-654E1B199F82}.Debug|Any CPU.ActiveCfg = Debug|Any CPU
		{65DFB973-0947-465F-8E2B-654E1B199F82}.Debug|Any CPU.Build.0 = Debug|Any CPU
		{65DFB973-0947-465F-8E2B-654E1B199F82}.Release|Any CPU.ActiveCfg = Release|Any CPU
		{65DFB973-0947-465F-8E2B-654E1B199F82}.Release|Any CPU.Build.0 = Release|Any CPU
		{0C0AC4D0-2C2E-4653-8B52-3009CAE37CA6}.Debug|Any CPU.ActiveCfg = Debug|Any CPU
		{0C0AC4D0-2C2E-4653-8B52-3009CAE37CA6}.Debug|Any CPU.Build.0 = Debug|Any CPU
		{0C0AC4D0-2C2E-4653-8B52-3009CAE37CA6}.Release|Any CPU.ActiveCfg = Release|Any CPU
		{0C0AC4D0-2C2E-4653-8B52-3009CAE37CA6}.Release|Any CPU.Build.0 = Release|Any CPU
	EndGlobalSection
	GlobalSection(SolutionProperties) = preSolution
		HideSolutionNode = FALSE
	EndGlobalSection
	GlobalSection(ExtensibilityGlobals) = postSolution
		SolutionGuid = {8EF3F06B-9378-4F9F-A4AD-CBCB228F47EE}
	EndGlobalSection
EndGlobal
